Microsoft Visual Studio Solution File, Format Version 12.00
# Visual Studio Version 17
VisualStudioVersion = 17.5.2.0
MinimumVisualStudioVersion = 10.0.40219.1
Project("{FAE04EC0-301F-11D3-BF4B-00C04F79EFBC}") = "Todo.Api", "backend\Todo.Api.csproj", "{6FB02A78-4737-2B51-CAB2-32AFF898993E}"
EndProject
Global
	GlobalSection(SolutionConfigurationPlatforms) = preSolution
		Debug|Any CPU = Debug|Any CPU
		Release|Any CPU = Release|Any CPU
	EndGlobalSection
	GlobalSection(ProjectConfigurationPlatforms) = postSolution
		{6FB02A78-4737-2B51-CAB2-32AFF898993E}.Debug|Any CPU.ActiveCfg = Debug|Any CPU
		{6FB02A78-4737-2B51-CAB2-32AFF898993E}.Debug|Any CPU.Build.0 = Debug|Any CPU
		{6FB02A78-4737-2B51-CAB2-32AFF898993E}.Release|Any CPU.ActiveCfg = Release|Any CPU
		{6FB02A78-4737-2B51-CAB2-32AFF898993E}.Release|Any CPU.Build.0 = Release|Any CPU
	EndGlobalSection
	GlobalSection(SolutionProperties) = preSolution
		HideSolutionNode = FALSE
	EndGlobalSection
	GlobalSection(ExtensibilityGlobals) = postSolution
		SolutionGuid = {6D6A22F8-7C34-4C46-AA74-4D971ED1591F}
	EndGlobalSection
EndGlobal
